{
	"name": "@package/secrets",
	"version": "1.0.0",
	"lockfileVersion": 1,
	"requires": true,
	"dependencies": {
		"@types/node": {
			"version": "14.17.5",
			"resolved": "https://registry.npmjs.org/@types/node/-/node-14.17.5.tgz",
			"integrity": "sha512-bjqH2cX/O33jXT/UmReo2pM7DIJREPMnarixbQ57DOOzzFaI6D2+IcwaJQaJpv0M1E9TIhPCYVxrkcityLjlqA==",
			"dev": true
		}
	}
}
