{
	"name": "@package/secrets",
	"version": "1.0.0",
	"lockfileVersion": 1,
	"requires": true,
	"dependencies": {
		"@types/node": {
			"version": "14.18.11",
			"resolved": "https://registry.npmjs.org/@types/node/-/node-14.18.11.tgz",
			"integrity": "sha512-zCoCEMA+IPpsRkyCFBqew5vGb7r8RSiB3uwdu/map7uwLAfu1MTazW26/pUDWoNnF88vJz4W3U56i5gtXNqxGg==",
			"dev": true
		}
	}
}
