{
	"name": "@package/secrets",
	"version": "1.0.0",
	"lockfileVersion": 1,
	"requires": true,
	"dependencies": {
		"@types/node": {
			"version": "14.18.9",
			"resolved": "https://registry.npmjs.org/@types/node/-/node-14.18.9.tgz",
			"integrity": "sha512-j11XSuRuAlft6vLDEX4RvhqC0KxNxx6QIyMXNb0vHHSNPXTPeiy3algESWmOOIzEtiEL0qiowPU3ewW9hHVa7Q==",
			"dev": true
		}
	}
}
