{
	"name": "@package/config",
	"version": "1.0.0",
	"lockfileVersion": 1,
	"requires": true,
	"dependencies": {
		"@types/deep-freeze": {
			"version": "0.1.2",
			"resolved": "https://registry.npmjs.org/@types/deep-freeze/-/deep-freeze-0.1.2.tgz",
			"integrity": "sha512-M6x29Vk4681dght4IMnPIcF1SNmeEm0c4uatlTFhp+++H1oDK1THEIzuCC2WeCBVhX+gU0NndsseDS3zaCtlcQ==",
			"dev": true
		},
		"deep-freeze": {
			"version": "0.0.1",
			"resolved": "https://registry.npmjs.org/deep-freeze/-/deep-freeze-0.0.1.tgz",
			"integrity": "sha1-OgsABd4YZygZ39OM0x+RF5yJPoQ="
		}
	}
}
